
Microsoft Visual Studio Solution File, Format Version 12.00
# Visual Studio 15
VisualStudioVersion = 15.0.27428.2037
MinimumVisualStudioVersion = 10.0.40219.1
Project("{FAE04EC0-301F-11D3-BF4B-00C04F79EFBC}") = "ProductWebSite", "ProductWebSite\ProductWebSite.csproj", "{A7BDD31D-D147-4944-B1CB-703D0ACE21D6}"
EndProject
Global
	GlobalSection(SolutionConfigurationPlatforms) = preSolution
		Debug|Any CPU = Debug|Any CPU
		Release|Any CPU = Release|Any CPU
	EndGlobalSection
	GlobalSection(ProjectConfigurationPlatforms) = postSolution
		{A7BDD31D-D147-4944-B1CB-703D0ACE21D6}.Debug|Any CPU.ActiveCfg = Debug|Any CPU
		{A7BDD31D-D147-4944-B1CB-703D0ACE21D6}.Debug|Any CPU.Build.0 = Debug|Any CPU
		{A7BDD31D-D147-4944-B1CB-703D0ACE21D6}.Release|Any CPU.ActiveCfg = Release|Any CPU
		{A7BDD31D-D147-4944-B1CB-703D0ACE21D6}.Release|Any CPU.Build.0 = Release|Any CPU
	EndGlobalSection
	GlobalSection(SolutionProperties) = preSolution
		HideSolutionNode = FALSE
	EndGlobalSection
	GlobalSection(ExtensibilityGlobals) = postSolution
		SolutionGuid = {167E7D7B-4A7E-4A2C-8745-C88BD349D67A}
	EndGlobalSection
EndGlobal
